
Microsoft Visual Studio Solution File, Format Version 12.00
# Visual Studio Version 17
VisualStudioVersion = 17.3.32929.385
MinimumVisualStudioVersion = 10.0.40219.1
Project("{FAE04EC0-301F-11D3-BF4B-00C04F79EFBC}") = "Projeto_final", "Projeto_final\Projeto_final.csproj", "{067C5125-15A9-4908-A695-009CB84EB6AA}"
EndProject
Global
	GlobalSection(SolutionConfigurationPlatforms) = preSolution
		Debug|Any CPU = Debug|Any CPU
		Release|Any CPU = Release|Any CPU
	EndGlobalSection
	GlobalSection(ProjectConfigurationPlatforms) = postSolution
		{067C5125-15A9-4908-A695-009CB84EB6AA}.Debug|Any CPU.ActiveCfg = Debug|Any CPU
		{067C5125-15A9-4908-A695-009CB84EB6AA}.Debug|Any CPU.Build.0 = Debug|Any CPU
		{067C5125-15A9-4908-A695-009CB84EB6AA}.Release|Any CPU.ActiveCfg = Release|Any CPU
		{067C5125-15A9-4908-A695-009CB84EB6AA}.Release|Any CPU.Build.0 = Release|Any CPU
	EndGlobalSection
	GlobalSection(SolutionProperties) = preSolution
		HideSolutionNode = FALSE
	EndGlobalSection
	GlobalSection(ExtensibilityGlobals) = postSolution
		SolutionGuid = {4EAE4DAA-F377-4581-A594-7FD33FB1166D}
	EndGlobalSection
EndGlobal
